
Microsoft Visual Studio Solution File, Format Version 12.00
# Visual Studio 2012
Project("{FAE04EC0-301F-11D3-BF4B-00C04F79EFBC}") = "GiocoDellaVita", "GiocoDellaVita\GiocoDellaVita.csproj", "{13CF2174-7E1C-444D-82F8-04499F3B8CDA}"
EndProject
Global
	GlobalSection(SolutionConfigurationPlatforms) = preSolution
		Debug|Any CPU = Debug|Any CPU
		Release|Any CPU = Release|Any CPU
	EndGlobalSection
	GlobalSection(ProjectConfigurationPlatforms) = postSolution
		{13CF2174-7E1C-444D-82F8-04499F3B8CDA}.Debug|Any CPU.ActiveCfg = Debug|Any CPU
		{13CF2174-7E1C-444D-82F8-04499F3B8CDA}.Debug|Any CPU.Build.0 = Debug|Any CPU
		{13CF2174-7E1C-444D-82F8-04499F3B8CDA}.Release|Any CPU.ActiveCfg = Release|Any CPU
		{13CF2174-7E1C-444D-82F8-04499F3B8CDA}.Release|Any CPU.Build.0 = Release|Any CPU
	EndGlobalSection
	GlobalSection(SolutionProperties) = preSolution
		HideSolutionNode = FALSE
	EndGlobalSection
EndGlobal
